# This file is automatically @generated by Cargo.
# It is not intended for manual editing.
[[package]]
name = "autocfg"
version = "1.0.0"
source = "registry+https://github.com/rust-lang/crates.io-index"
checksum = "f8aac770f1885fd7e387acedd76065302551364496e46b3dd00860b2f8359b9d"

[[package]]
name = "call2-for-syn"
version = "1.0.0"
source = "registry+https://github.com/rust-lang/crates.io-index"
checksum = "f89a9a74bce519857fb7bdf531a10fa707b30ea48c2543d47f1b1dc55bf67651"
dependencies = [
 "proc-macro2",
 "syn",
]

[[package]]
name = "cast"
version = "0.2.3"
source = "registry+https://github.com/rust-lang/crates.io-index"
checksum = "4b9434b9a5aa1450faa3f9cb14ea0e8c53bb5d2b3c1bfd1ab4fc03e9f33fbfb0"
dependencies = [
 "rustc_version",
]

[[package]]
name = "encoding"
version = "0.2.33"
source = "registry+https://github.com/rust-lang/crates.io-index"
checksum = "6b0d943856b990d12d3b55b359144ff341533e516d94098b1d3fc1ac666d36ec"
dependencies = [
 "encoding-index-japanese",
 "encoding-index-korean",
 "encoding-index-simpchinese",
 "encoding-index-singlebyte",
 "encoding-index-tradchinese",
]

[[package]]
name = "encoding-index-japanese"
version = "1.20141219.5"
source = "registry+https://github.com/rust-lang/crates.io-index"
checksum = "04e8b2ff42e9a05335dbf8b5c6f7567e5591d0d916ccef4e0b1710d32a0d0c91"
dependencies = [
 "encoding_index_tests",
]

[[package]]
name = "encoding-index-korean"
version = "1.20141219.5"
source = "registry+https://github.com/rust-lang/crates.io-index"
checksum = "4dc33fb8e6bcba213fe2f14275f0963fd16f0a02c878e3095ecfdf5bee529d81"
dependencies = [
 "encoding_index_tests",
]

[[package]]
name = "encoding-index-simpchinese"
version = "1.20141219.5"
source = "registry+https://github.com/rust-lang/crates.io-index"
checksum = "d87a7194909b9118fc707194baa434a4e3b0fb6a5a757c73c3adb07aa25031f7"
dependencies = [
 "encoding_index_tests",
]

[[package]]
name = "encoding-index-singlebyte"
version = "1.20141219.5"
source = "registry+https://github.com/rust-lang/crates.io-index"
checksum = "3351d5acffb224af9ca265f435b859c7c01537c0849754d3db3fdf2bfe2ae84a"
dependencies = [
 "encoding_index_tests",
]

[[package]]
name = "encoding-index-tradchinese"
version = "1.20141219.5"
source = "registry+https://github.com/rust-lang/crates.io-index"
checksum = "fd0e20d5688ce3cab59eb3ef3a2083a5c77bf496cb798dc6fcdb75f323890c18"
dependencies = [
 "encoding_index_tests",
]

[[package]]
name = "encoding_index_tests"
version = "0.1.4"
source = "registry+https://github.com/rust-lang/crates.io-index"
checksum = "a246d82be1c9d791c5dfde9a2bd045fc3cbba3fa2b11ad558f27d01712f00569"

[[package]]
name = "enum-ordinalize"
version = "3.1.8"
source = "registry+https://github.com/rust-lang/crates.io-index"
checksum = "1676e1daadfd216bda88d3a6fedd1bf53b829a085f5cc4d81c6f3054f50ef983"
dependencies = [
 "num-bigint",
 "num-traits",
 "proc-macro2",
 "quote",
 "syn",
]

[[package]]
name = "lazy_static"
version = "1.4.0"
source = "registry+https://github.com/rust-lang/crates.io-index"
checksum = "e2abad23fbc42b3700f2f279844dc832adb2b2eb069b2df918f455c4e18cc646"

[[package]]
name = "num-bigint"
version = "0.3.0"
source = "registry+https://github.com/rust-lang/crates.io-index"
checksum = "b7f3fc75e3697059fb1bc465e3d8cca6cf92f56854f201158b3f9c77d5a3cfa0"
dependencies = [
 "autocfg",
 "num-integer",
 "num-traits",
]

[[package]]
name = "num-integer"
version = "0.1.43"
source = "registry+https://github.com/rust-lang/crates.io-index"
checksum = "8d59457e662d541ba17869cf51cf177c0b5f0cbf476c66bdc90bf1edac4f875b"
dependencies = [
 "autocfg",
 "num-traits",
]

[[package]]
name = "num-traits"
version = "0.2.12"
source = "registry+https://github.com/rust-lang/crates.io-index"
checksum = "ac267bcc07f48ee5f8935ab0d24f316fb722d7a1292e2913f0cc196b29ffd611"
dependencies = [
 "autocfg",
]

[[package]]
name = "proc-macro-crate"
version = "0.1.5"
source = "registry+https://github.com/rust-lang/crates.io-index"
checksum = "1d6ea3c4595b96363c13943497db34af4460fb474a95c43f4446ad341b8c9785"
dependencies = [
 "toml",
]

[[package]]
name = "proc-macro-error"
version = "1.0.4"
source = "registry+https://github.com/rust-lang/crates.io-index"
checksum = "da25490ff9892aab3fcf7c36f08cfb902dd3e71ca0f9f9517bea02a73a5ce38c"
dependencies = [
 "proc-macro-error-attr",
 "proc-macro2",
 "quote",
 "syn",
 "version_check",
]

[[package]]
name = "proc-macro-error-attr"
version = "1.0.4"
source = "registry+https://github.com/rust-lang/crates.io-index"
checksum = "a1be40180e52ecc98ad80b184934baf3d0d29f979574e439af5a55274b35f869"
dependencies = [
 "proc-macro2",
 "quote",
 "version_check",
]

[[package]]
name = "proc-macro-hack"
version = "0.5.18"
source = "registry+https://github.com/rust-lang/crates.io-index"
checksum = "99c605b9a0adc77b7211c6b1f722dcb613d68d66859a44f3d485a6da332b0598"

[[package]]
name = "proc-macro2"
version = "1.0.19"
source = "registry+https://github.com/rust-lang/crates.io-index"
checksum = "04f5f085b5d71e2188cb8271e5da0161ad52c3f227a661a3c135fdf28e258b12"
dependencies = [
 "unicode-xid",
]

[[package]]
name = "quote"
version = "1.0.7"
source = "registry+https://github.com/rust-lang/crates.io-index"
checksum = "aa563d17ecb180e500da1cfd2b028310ac758de548efdd203e18f283af693f37"
dependencies = [
 "proc-macro2",
]

[[package]]
name = "raw-seeders"
version = "0.0.0-dev"
dependencies = [
 "serde",
 "serde-seeded",
]

[[package]]
name = "rustc_version"
version = "0.2.3"
source = "registry+https://github.com/rust-lang/crates.io-index"
checksum = "138e3e0acb6c9fb258b19b67cb8abd63c00679d2851805ea151465464fe9030a"
dependencies = [
 "semver",
]

[[package]]
name = "semver"
version = "0.9.0"
source = "registry+https://github.com/rust-lang/crates.io-index"
checksum = "1d7eb9ef2c18661902cc47e535f9bc51b78acd254da71d375c2f6720d9a40403"
dependencies = [
 "semver-parser",
]

[[package]]
name = "semver-parser"
version = "0.7.0"
source = "registry+https://github.com/rust-lang/crates.io-index"
checksum = "388a1df253eca08550bef6c72392cfe7c30914bf41df5269b68cbd6ff8f570a3"

[[package]]
name = "serde"
version = "1.0.115"
source = "registry+https://github.com/rust-lang/crates.io-index"
checksum = "e54c9a88f2da7238af84b5101443f0c0d0a3bbdc455e34a5c9497b1903ed55d5"
dependencies = [
 "serde_derive",
]

[[package]]
name = "serde-backtrace"
version = "0.0.0-dev"
dependencies = [
 "serde",
 "wyz",
]

[[package]]
name = "serde-object"
version = "0.0.0-alpha.0"
source = "registry+https://github.com/rust-lang/crates.io-index"
checksum = "7a65c952dea025ab775c98ef721fa32f50728b65dbc63d4536a65fdc010d1bd4"
dependencies = [
 "lazy_static",
 "serde",
 "try_match",
 "wyz",
]

[[package]]
name = "serde-seeded"
version = "0.0.0-dev"
dependencies = [
 "serde",
 "serde-seeded_proc-macro-definitions",
]

[[package]]
name = "serde-seeded_proc-macro-definitions"
version = "0.0.0-dev"
dependencies = [
 "call2-for-syn",
 "proc-macro-crate",
 "proc-macro2",
 "quote",
 "syn",
]

[[package]]
name = "serde_derive"
version = "1.0.115"
source = "registry+https://github.com/rust-lang/crates.io-index"
checksum = "609feed1d0a73cc36a0182a840a9b37b4a82f0b1150369f0536a9e3f2a31dc48"
dependencies = [
 "proc-macro2",
 "quote",
 "syn",
]

[[package]]
name = "serde_raw"
version = "0.0.0-dev"
dependencies = [
 "serde",
]

[[package]]
name = "serde_titan-quest"
version = "0.0.0-dev"
dependencies = [
 "cast",
 "encoding",
 "enum-ordinalize",
 "raw-seeders",
 "serde",
 "serde-backtrace",
 "serde-object",
 "serde-seeded",
 "serde_raw",
 "test-case",
 "wyz",
]

[[package]]
name = "syn"
version = "1.0.38"
source = "registry+https://github.com/rust-lang/crates.io-index"
checksum = "e69abc24912995b3038597a7a593be5053eb0fb44f3cc5beec0deb421790c1f4"
dependencies = [
 "proc-macro2",
 "quote",
 "unicode-xid",
]

[[package]]
name = "test-case"
version = "1.0.0"
source = "registry+https://github.com/rust-lang/crates.io-index"
checksum = "199464148b42bcf3da8b2a56f6ee87ca68f47402496d1268849291ec9fb463c8"
dependencies = [
 "proc-macro2",
 "quote",
 "syn",
 "version_check",
]

[[package]]
name = "toml"
version = "0.5.6"
source = "registry+https://github.com/rust-lang/crates.io-index"
checksum = "ffc92d160b1eef40665be3a05630d003936a3bc7da7421277846c2613e92c71a"
dependencies = [
 "serde",
]

[[package]]
name = "try_match"
version = "0.2.2"
source = "registry+https://github.com/rust-lang/crates.io-index"
checksum = "138279d5e35e72a1b3822588aaf928126f161491e3dd9c25758efe59ef6f0e1c"
dependencies = [
 "proc-macro-hack",
 "try_match_inner",
]

[[package]]
name = "try_match_inner"
version = "0.2.0"
source = "registry+https://github.com/rust-lang/crates.io-index"
checksum = "bc75c0dd3d842ee7316d2fb1d6ea2012291d279907ea8b9564f741358b5ef82e"
dependencies = [
 "proc-macro-error",
 "proc-macro-hack",
 "proc-macro2",
 "quote",
 "syn",
]

[[package]]
name = "unicode-xid"
version = "0.2.1"
source = "registry+https://github.com/rust-lang/crates.io-index"
checksum = "f7fe0bb3479651439c9112f72b6c505038574c9fbb575ed1bf3b797fa39dd564"

[[package]]
name = "version_check"
version = "0.9.2"
source = "registry+https://github.com/rust-lang/crates.io-index"
checksum = "b5a972e5669d67ba988ce3dc826706fb0a8b01471c088cb0b6110b805cc36aed"

[[package]]
name = "wyz"
version = "0.2.0"
source = "registry+https://github.com/rust-lang/crates.io-index"
checksum = "85e60b0d1b5f99db2556934e21937020776a5d31520bf169e851ac44e6420214"
